
Microsoft Visual Studio Solution File, Format Version 12.00
# Visual Studio 15
VisualStudioVersion = 15.0.28010.2050
MinimumVisualStudioVersion = 10.0.40219.1
Project("{FAE04EC0-301F-11D3-BF4B-00C04F79EFBC}") = "GildedRoseAPI", "GildedRoseAPI\GildedRoseAPI.csproj", "{B5FF78A5-6594-4E6E-B569-BBD3FB468022}"
EndProject
Project("{FAE04EC0-301F-11D3-BF4B-00C04F79EFBC}") = "GildedRoseAPI.Tests", "GildedRoseAPI.Tests\GildedRoseAPI.Tests.csproj", "{33DF53C0-AD84-44E2-BEE6-FDCEA764DE56}"
EndProject
Global
	GlobalSection(SolutionConfigurationPlatforms) = preSolution
		Debug|Any CPU = Debug|Any CPU
		Release|Any CPU = Release|Any CPU
	EndGlobalSection
	GlobalSection(ProjectConfigurationPlatforms) = postSolution
		{B5FF78A5-6594-4E6E-B569-BBD3FB468022}.Debug|Any CPU.ActiveCfg = Debug|Any CPU
		{B5FF78A5-6594-4E6E-B569-BBD3FB468022}.Debug|Any CPU.Build.0 = Debug|Any CPU
		{B5FF78A5-6594-4E6E-B569-BBD3FB468022}.Release|Any CPU.ActiveCfg = Release|Any CPU
		{B5FF78A5-6594-4E6E-B569-BBD3FB468022}.Release|Any CPU.Build.0 = Release|Any CPU
		{33DF53C0-AD84-44E2-BEE6-FDCEA764DE56}.Debug|Any CPU.ActiveCfg = Debug|Any CPU
		{33DF53C0-AD84-44E2-BEE6-FDCEA764DE56}.Debug|Any CPU.Build.0 = Debug|Any CPU
		{33DF53C0-AD84-44E2-BEE6-FDCEA764DE56}.Release|Any CPU.ActiveCfg = Release|Any CPU
		{33DF53C0-AD84-44E2-BEE6-FDCEA764DE56}.Release|Any CPU.Build.0 = Release|Any CPU
	EndGlobalSection
	GlobalSection(SolutionProperties) = preSolution
		HideSolutionNode = FALSE
	EndGlobalSection
	GlobalSection(ExtensibilityGlobals) = postSolution
		SolutionGuid = {FF05462B-5D10-4837-8E6D-8399DEA7A632}
	EndGlobalSection
EndGlobal
